{
  "name": "voltfix-consent-database-tests",
  "lockfileVersion": 3,
  "requires": true,
  "packages": {
    "": {
      "name": "voltfix-consent-database-tests",
      "dependencies": {
        "embedded-postgres": "17.6.0-beta.15",
        "postgres": "3.4.7"
      }
    },
    "node_modules/@embedded-postgres/darwin-arm64": {
      "version": "17.6.0-beta.15",
      "resolved": "https://europe-west1-npm.pkg.dev/lovable-core-prod/sandbox-npm-cache/@embedded-postgres/darwin-arm64/-/darwin-arm64-17.6.0-beta.15.tgz",
      "integrity": "sha512-6qadBAn0/b1iccZISh0ZPaI3FpHlChSrLr0wMlonBUCJyTIJth7l9XZZd2eNlJixnbQU4LMVea+7d/YGFgGg9w==",
      "cpu": [
        "arm64"
      ],
      "hasInstallScript": true,
      "license": "MIT",
      "optional": true,
      "os": [
        "darwin"
      ],
      "engines": {
        "node": ">=16"
      }
    },
    "node_modules/@embedded-postgres/darwin-x64": {
      "version": "17.6.0-beta.15",
      "resolved": "https://europe-west1-npm.pkg.dev/lovable-core-prod/sandbox-npm-cache/@embedded-postgres/darwin-x64/-/darwin-x64-17.6.0-beta.15.tgz",
      "integrity": "sha512-8IbShoPZNPnfWg+JMr1betXseUX4vYK7kc9i3VQo8sA6LovLlmNq6kxavnE3FuRqZiRSr5l/zvPqRT+u9x3cMQ==",
      "cpu": [
        "x64"
      ],
      "hasInstallScript": true,
      "license": "MIT",
      "optional": true,
      "os": [
        "darwin"
      ],
      "engines": {
        "node": ">=16"
      }
    },
    "node_modules/@embedded-postgres/linux-arm": {
      "version": "17.6.0-beta.15",
      "resolved": "https://europe-west1-npm.pkg.dev/lovable-core-prod/sandbox-npm-cache/@embedded-postgres/linux-arm/-/linux-arm-17.6.0-beta.15.tgz",
      "integrity": "sha512-XsAquOJqouyc/HpMSrmV4n/X6ILJ7RtPBv70Hb8VpltLckDU/GEAvaRSjMD3DmHb4tMcbJRvN9zSRuSBENPiqg==",
      "cpu": [
        "arm"
      ],
      "hasInstallScript": true,
      "license": "MIT",
      "optional": true,
      "os": [
        "linux"
      ],
      "engines": {
        "node": ">=16"
      }
    },
    "node_modules/@embedded-postgres/linux-arm64": {
      "version": "17.6.0-beta.15",
      "resolved": "https://europe-west1-npm.pkg.dev/lovable-core-prod/sandbox-npm-cache/@embedded-postgres/linux-arm64/-/linux-arm64-17.6.0-beta.15.tgz",
      "integrity": "sha512-L4xWiBeiRoltG3UeiKZn5EWrNoqoHq6evBJlWk176AhB89QThfGfDndNyRrSwB22aHfPP4t1LXs7qQUmG1TVVA==",
      "cpu": [
        "arm64"
      ],
      "hasInstallScript": true,
      "license": "MIT",
      "optional": true,
      "os": [
        "linux"
      ],
      "engines": {
        "node": ">=16"
      }
    },
    "node_modules/@embedded-postgres/linux-ia32": {
      "version": "17.6.0-beta.15",
      "resolved": "https://europe-west1-npm.pkg.dev/lovable-core-prod/sandbox-npm-cache/@embedded-postgres/linux-ia32/-/linux-ia32-17.6.0-beta.15.tgz",
      "integrity": "sha512-nYsBL6gNYsUH7sc8/V7wTYuFCUjtVfM5jTqyoU6N2+6uD+dTYEDSQE0lUWfLV1kbPaVYKE1rC2RVC4b/9f1ELA==",
      "cpu": [
        "ia32"
      ],
      "hasInstallScript": true,
      "license": "MIT",
      "optional": true,
      "os": [
        "linux"
      ],
      "engines": {
        "node": ">=16"
      }
    },
    "node_modules/@embedded-postgres/linux-ppc64": {
      "version": "17.6.0-beta.15",
      "resolved": "https://europe-west1-npm.pkg.dev/lovable-core-prod/sandbox-npm-cache/@embedded-postgres/linux-ppc64/-/linux-ppc64-17.6.0-beta.15.tgz",
      "integrity": "sha512-pHDTy9Q/7xh3yywlSl6aqO6yKmCi7QkH3/eLwVbQK+dogPJcxYyIjX4aNb6WELsLPdU+PSulz4mFuP7gDgI7Ag==",
      "cpu": [
        "ppc64"
      ],
      "hasInstallScript": true,
      "license": "MIT",
      "optional": true,
      "os": [
        "linux"
      ],
      "engines": {
        "node": ">=16"
      }
    },
    "node_modules/@embedded-postgres/linux-x64": {
      "version": "17.6.0-beta.15",
      "resolved": "https://europe-west1-npm.pkg.dev/lovable-core-prod/sandbox-npm-cache/@embedded-postgres/linux-x64/-/linux-x64-17.6.0-beta.15.tgz",
      "integrity": "sha512-f04/oSB35rc2SB4WbJLvUGeh8eNnnwbsIkLXLf86Bi43vOc7H07Znx1zROwpi08mGkUFmNrpAcXyL4Yu8YRgMw==",
      "cpu": [
        "x64"
      ],
      "hasInstallScript": true,
      "license": "MIT",
      "optional": true,
      "os": [
        "linux"
      ],
      "engines": {
        "node": ">=16"
      }
    },
    "node_modules/@embedded-postgres/windows-x64": {
      "version": "17.6.0-beta.15",
      "resolved": "https://europe-west1-npm.pkg.dev/lovable-core-prod/sandbox-npm-cache/@embedded-postgres/windows-x64/-/windows-x64-17.6.0-beta.15.tgz",
      "integrity": "sha512-zzoF/J8NA6cePJPnWcWBti4IXt3347A9zD7ucSHx4ccuS5v/uhip4Cm1Oc+isI8TIjW/jtEL9pKsu6J1upoHSA==",
      "cpu": [
        "x64"
      ],
      "hasInstallScript": true,
      "license": "MIT",
      "optional": true,
      "os": [
        "win32"
      ],
      "engines": {
        "node": ">=16"
      }
    },
    "node_modules/async-exit-hook": {
      "version": "2.0.1",
      "resolved": "https://europe-west1-npm.pkg.dev/lovable-core-prod/sandbox-npm-cache/async-exit-hook/-/async-exit-hook-2.0.1.tgz",
      "integrity": "sha512-NW2cX8m1Q7KPA7a5M2ULQeZ2wR5qI5PAbw5L0UOMxdioVk9PMZ0h1TmyZEkPYrCvYjDlFICusOu1dlEKAAeXBw==",
      "license": "MIT",
      "engines": {
        "node": ">=0.12.0"
      }
    },
    "node_modules/embedded-postgres": {
      "version": "17.6.0-beta.15",
      "resolved": "https://europe-west1-npm.pkg.dev/lovable-core-prod/sandbox-npm-cache/embedded-postgres/-/embedded-postgres-17.6.0-beta.15.tgz",
      "integrity": "sha512-zF1hy3dxKonsHvVff/Hpmnhy3Ftifx0a3nqun/F17sa0wGgKNpj73yieR6K3VDNUo9jTf1Adg9W1jXEnuDUhyQ==",
      "license": "MIT",
      "dependencies": {
        "async-exit-hook": "^2.0.1",
        "pg": "^8.7.3"
      },
      "engines": {
        "node": ">=16"
      },
      "optionalDependencies": {
        "@embedded-postgres/darwin-arm64": "^17.6.0-beta.15",
        "@embedded-postgres/darwin-x64": "^17.6.0-beta.15",
        "@embedded-postgres/linux-arm": "^17.6.0-beta.15",
        "@embedded-postgres/linux-arm64": "^17.6.0-beta.15",
        "@embedded-postgres/linux-ia32": "^17.6.0-beta.15",
        "@embedded-postgres/linux-ppc64": "^17.6.0-beta.15",
        "@embedded-postgres/linux-x64": "^17.6.0-beta.15",
        "@embedded-postgres/windows-x64": "^17.6.0-beta.15"
      }
    },
    "node_modules/pg": {
      "version": "8.23.0",
      "resolved": "https://europe-west1-npm.pkg.dev/lovable-core-prod/sandbox-npm-cache/pg/-/pg-8.23.0.tgz",
      "integrity": "sha512-Ip2EQCngowJLGOfCwkFhPXU7/ljlhn6Rxlmy4XYfL2Y+vyRM59+8uR2xqRWKdYmbXmxCFOAmKxBuSUCdF34qLg==",
      "license": "MIT",
      "dependencies": {
        "pg-connection-string": "^2.14.0",
        "pg-pool": "^3.14.0",
        "pg-protocol": "^1.16.0",
        "pg-types": "2.2.0",
        "pgpass": "1.0.5"
      },
      "engines": {
        "node": ">= 16.0.0"
      },
      "optionalDependencies": {
        "pg-cloudflare": "^1.4.0"
      },
      "peerDependencies": {
        "pg-native": ">=3.0.1"
      },
      "peerDependenciesMeta": {
        "pg-native": {
          "optional": true
        }
      }
    },
    "node_modules/pg-cloudflare": {
      "version": "1.4.0",
      "resolved": "https://europe-west1-npm.pkg.dev/lovable-core-prod/sandbox-npm-cache/pg-cloudflare/-/pg-cloudflare-1.4.0.tgz",
      "integrity": "sha512-Vo7z/6rrQYxpNRylp4Tlob2elzbh+N/MOQbxFVWCxS7oEx6jF53GTJFxK2WWpKuBRkmiin4Mt+xofFDjx09R0A==",
      "license": "MIT",
      "optional": true
    },
    "node_modules/pg-connection-string": {
      "version": "2.14.0",
      "resolved": "https://europe-west1-npm.pkg.dev/lovable-core-prod/sandbox-npm-cache/pg-connection-string/-/pg-connection-string-2.14.0.tgz",
      "integrity": "sha512-XwWDGcLRGCXAR8F/AM5bG7Q+A3Wm2s6QeEjlOKZLlH3UYcguiqCWKyWXVag5TLTIjR7oOJUY8kcADaZgWPyLeg==",
      "license": "MIT"
    },
    "node_modules/pg-int8": {
      "version": "1.0.1",
      "resolved": "https://europe-west1-npm.pkg.dev/lovable-core-prod/sandbox-npm-cache/pg-int8/-/pg-int8-1.0.1.tgz",
      "integrity": "sha512-WCtabS6t3c8SkpDBUlb1kjOs7l66xsGdKpIPZsg4wR+B3+u9UAum2odSsF9tnvxg80h4ZxLWMy4pRjOsFIqQpw==",
      "license": "ISC",
      "engines": {
        "node": ">=4.0.0"
      }
    },
    "node_modules/pg-pool": {
      "version": "3.14.0",
      "resolved": "https://europe-west1-npm.pkg.dev/lovable-core-prod/sandbox-npm-cache/pg-pool/-/pg-pool-3.14.0.tgz",
      "integrity": "sha512-gKtPkFdQPU3DksooVLi9LsjZxrsBUZIpa+7aVx+LV5pNh0KzP4Zleud2po+ConrxbuXGBJ6Hfer6hdgpIBpBaw==",
      "license": "MIT",
      "peerDependencies": {
        "pg": ">=8.0"
      }
    },
    "node_modules/pg-protocol": {
      "version": "1.16.0",
      "resolved": "https://europe-west1-npm.pkg.dev/lovable-core-prod/sandbox-npm-cache/pg-protocol/-/pg-protocol-1.16.0.tgz",
      "integrity": "sha512-sILXutLVjCLjcDuOmvhX5e2Z4cS5qG/6Bu3VkpFwdf/633ElGLpEh9bgmuI5I4sqKqkifQiGyiCcx1HdtrK7tg==",
      "license": "MIT"
    },
    "node_modules/pg-types": {
      "version": "2.2.0",
      "resolved": "https://europe-west1-npm.pkg.dev/lovable-core-prod/sandbox-npm-cache/pg-types/-/pg-types-2.2.0.tgz",
      "integrity": "sha512-qTAAlrEsl8s4OiEQY69wDvcMIdQN6wdz5ojQiOy6YRMuynxenON0O5oCpJI6lshc6scgAY8qvJ2On/p+CXY0GA==",
      "license": "MIT",
      "dependencies": {
        "pg-int8": "1.0.1",
        "postgres-array": "~2.0.0",
        "postgres-bytea": "~1.0.0",
        "postgres-date": "~1.0.4",
        "postgres-interval": "^1.1.0"
      },
      "engines": {
        "node": ">=4"
      }
    },
    "node_modules/pgpass": {
      "version": "1.0.5",
      "resolved": "https://europe-west1-npm.pkg.dev/lovable-core-prod/sandbox-npm-cache/pgpass/-/pgpass-1.0.5.tgz",
      "integrity": "sha512-FdW9r/jQZhSeohs1Z3sI1yxFQNFvMcnmfuj4WBMUTxOrAyLMaTcE1aAMBiTlbMNaXvBCQuVi0R7hd8udDSP7ug==",
      "license": "MIT",
      "dependencies": {
        "split2": "^4.1.0"
      }
    },
    "node_modules/postgres": {
      "version": "3.4.7",
      "resolved": "https://europe-west1-npm.pkg.dev/lovable-core-prod/sandbox-npm-cache/postgres/-/postgres-3.4.7.tgz",
      "integrity": "sha512-Jtc2612XINuBjIl/QTWsV5UvE8UHuNblcO3vVADSrKsrc6RqGX6lOW1cEo3CM2v0XG4Nat8nI+YM7/f26VxXLw==",
      "license": "Unlicense",
      "engines": {
        "node": ">=12"
      },
      "funding": {
        "type": "individual",
        "url": "https://github.com/sponsors/porsager"
      }
    },
    "node_modules/postgres-array": {
      "version": "2.0.0",
      "resolved": "https://europe-west1-npm.pkg.dev/lovable-core-prod/sandbox-npm-cache/postgres-array/-/postgres-array-2.0.0.tgz",
      "integrity": "sha512-VpZrUqU5A69eQyW2c5CA1jtLecCsN2U/bD6VilrFDWq5+5UIEVO7nazS3TEcHf1zuPYO/sqGvUvW62g86RXZuA==",
      "license": "MIT",
      "engines": {
        "node": ">=4"
      }
    },
    "node_modules/postgres-bytea": {
      "version": "1.0.1",
      "resolved": "https://europe-west1-npm.pkg.dev/lovable-core-prod/sandbox-npm-cache/postgres-bytea/-/postgres-bytea-1.0.1.tgz",
      "integrity": "sha512-5+5HqXnsZPE65IJZSMkZtURARZelel2oXUEO8rH83VS/hxH5vv1uHquPg5wZs8yMAfdv971IU+kcPUczi7NVBQ==",
      "license": "MIT",
      "engines": {
        "node": ">=0.10.0"
      }
    },
    "node_modules/postgres-date": {
      "version": "1.0.7",
      "resolved": "https://europe-west1-npm.pkg.dev/lovable-core-prod/sandbox-npm-cache/postgres-date/-/postgres-date-1.0.7.tgz",
      "integrity": "sha512-suDmjLVQg78nMK2UZ454hAG+OAW+HQPZ6n++TNDUX+L0+uUlLywnoxJKDou51Zm+zTCjrCl0Nq6J9C5hP9vK/Q==",
      "license": "MIT",
      "engines": {
        "node": ">=0.10.0"
      }
    },
    "node_modules/postgres-interval": {
      "version": "1.2.0",
      "resolved": "https://europe-west1-npm.pkg.dev/lovable-core-prod/sandbox-npm-cache/postgres-interval/-/postgres-interval-1.2.0.tgz",
      "integrity": "sha512-9ZhXKM/rw350N1ovuWHbGxnGh/SNJ4cnxHiM0rxE4VN41wsg8P8zWn9hv/buK00RP4WvlOyr/RBDiptyxVbkZQ==",
      "license": "MIT",
      "dependencies": {
        "xtend": "^4.0.0"
      },
      "engines": {
        "node": ">=0.10.0"
      }
    },
    "node_modules/split2": {
      "version": "4.2.0",
      "resolved": "https://europe-west1-npm.pkg.dev/lovable-core-prod/sandbox-npm-cache/split2/-/split2-4.2.0.tgz",
      "integrity": "sha512-UcjcJOWknrNkF6PLX83qcHM6KHgVKNkV62Y8a5uYDVv9ydGQVwAHMKqHdJje1VTWpljG0WYpCDhrCdAOYH4TWg==",
      "license": "ISC",
      "engines": {
        "node": ">= 10.x"
      }
    },
    "node_modules/xtend": {
      "version": "4.0.2",
      "resolved": "https://europe-west1-npm.pkg.dev/lovable-core-prod/sandbox-npm-cache/xtend/-/xtend-4.0.2.tgz",
      "integrity": "sha512-LKYU1iAXJXUgAXn9URjiu+MWhyUXHsvfp7mcuYm9dSUKK0/CjtrUwFAxD82/mCWbtLsGjFIad0wIsod4zrTAEQ==",
      "license": "MIT",
      "engines": {
        "node": ">=0.4"
      }
    }
  }
}
